
Microsoft Visual Studio Solution File, Format Version 12.00
# Visual Studio Version 17
VisualStudioVersion = 17.13.35825.156 d17.13
MinimumVisualStudioVersion = 10.0.40219.1
Project("{FAE04EC0-301F-11D3-BF4B-00C04F79EFBC}") = "lab manual", "lab manual\lab manual.csproj", "{7F765EB7-3B31-4E6F-B2E2-DA1E8EBBBA59}"
EndProject
Project("{FAE04EC0-301F-11D3-BF4B-00C04F79EFBC}") = "lab manual qs 2", "lab manual qs 2\lab manual qs 2.csproj", "{220D278E-BC5C-4CFF-BDA4-E8145EDA1331}"
EndProject
Project("{FAE04EC0-301F-11D3-BF4B-00C04F79EFBC}") = "lab manuaal qs 3", "lab manuaal qs 3\lab manuaal qs 3.csproj", "{56ECBBE3-7859-495D-BF48-59CDB15C621A}"
EndProject
Project("{FAE04EC0-301F-11D3-BF4B-00C04F79EFBC}") = "lab manual qs 4", "lab manual qs 4\lab manual qs 4.csproj", "{1FF8DF46-DE0D-40AD-8591-0D78FD1D085A}"
EndProject
Global
	GlobalSection(SolutionConfigurationPlatforms) = preSolution
		Debug|Any CPU = Debug|Any CPU
		Release|Any CPU = Release|Any CPU
	EndGlobalSection
	GlobalSection(ProjectConfigurationPlatforms) = postSolution
		{7F765EB7-3B31-4E6F-B2E2-DA1E8EBBBA59}.Debug|Any CPU.ActiveCfg = Debug|Any CPU
		{7F765EB7-3B31-4E6F-B2E2-DA1E8EBBBA59}.Debug|Any CPU.Build.0 = Debug|Any CPU
		{7F765EB7-3B31-4E6F-B2E2-DA1E8EBBBA59}.Release|Any CPU.ActiveCfg = Release|Any CPU
		{7F765EB7-3B31-4E6F-B2E2-DA1E8EBBBA59}.Release|Any CPU.Build.0 = Release|Any CPU
		{220D278E-BC5C-4CFF-BDA4-E8145EDA1331}.Debug|Any CPU.ActiveCfg = Debug|Any CPU
		{220D278E-BC5C-4CFF-BDA4-E8145EDA1331}.Debug|Any CPU.Build.0 = Debug|Any CPU
		{220D278E-BC5C-4CFF-BDA4-E8145EDA1331}.Release|Any CPU.ActiveCfg = Release|Any CPU
		{220D278E-BC5C-4CFF-BDA4-E8145EDA1331}.Release|Any CPU.Build.0 = Release|Any CPU
		{56ECBBE3-7859-495D-BF48-59CDB15C621A}.Debug|Any CPU.ActiveCfg = Debug|Any CPU
		{56ECBBE3-7859-495D-BF48-59CDB15C621A}.Debug|Any CPU.Build.0 = Debug|Any CPU
		{56ECBBE3-7859-495D-BF48-59CDB15C621A}.Release|Any CPU.ActiveCfg = Release|Any CPU
		{56ECBBE3-7859-495D-BF48-59CDB15C621A}.Release|Any CPU.Build.0 = Release|Any CPU
		{1FF8DF46-DE0D-40AD-8591-0D78FD1D085A}.Debug|Any CPU.ActiveCfg = Debug|Any CPU
		{1FF8DF46-DE0D-40AD-8591-0D78FD1D085A}.Debug|Any CPU.Build.0 = Debug|Any CPU
		{1FF8DF46-DE0D-40AD-8591-0D78FD1D085A}.Release|Any CPU.ActiveCfg = Release|Any CPU
		{1FF8DF46-DE0D-40AD-8591-0D78FD1D085A}.Release|Any CPU.Build.0 = Release|Any CPU
	EndGlobalSection
	GlobalSection(SolutionProperties) = preSolution
		HideSolutionNode = FALSE
	EndGlobalSection
	GlobalSection(ExtensibilityGlobals) = postSolution
		SolutionGuid = {BAFF30C6-F05B-4B2A-93AC-469BC798FD4F}
	EndGlobalSection
EndGlobal
