
Microsoft Visual Studio Solution File, Format Version 12.00
# Visual Studio Version 17
VisualStudioVersion = 17.13.35825.156 d17.13
MinimumVisualStudioVersion = 10.0.40219.1
Project("{FAE04EC0-301F-11D3-BF4B-00C04F79EFBC}") = "hometask 4", "hometask 4\hometask 4.csproj", "{24926051-BF8B-450E-A007-72A29210BB03}"
EndProject
Project("{FAE04EC0-301F-11D3-BF4B-00C04F79EFBC}") = "hometask qs2", "hometask qs2\hometask qs2.csproj", "{E71E513D-C07A-4A32-94E3-E264E8F5A224}"
EndProject
Global
	GlobalSection(SolutionConfigurationPlatforms) = preSolution
		Debug|Any CPU = Debug|Any CPU
		Release|Any CPU = Release|Any CPU
	EndGlobalSection
	GlobalSection(ProjectConfigurationPlatforms) = postSolution
		{24926051-BF8B-450E-A007-72A29210BB03}.Debug|Any CPU.ActiveCfg = Debug|Any CPU
		{24926051-BF8B-450E-A007-72A29210BB03}.Debug|Any CPU.Build.0 = Debug|Any CPU
		{24926051-BF8B-450E-A007-72A29210BB03}.Release|Any CPU.ActiveCfg = Release|Any CPU
		{24926051-BF8B-450E-A007-72A29210BB03}.Release|Any CPU.Build.0 = Release|Any CPU
		{E71E513D-C07A-4A32-94E3-E264E8F5A224}.Debug|Any CPU.ActiveCfg = Debug|Any CPU
		{E71E513D-C07A-4A32-94E3-E264E8F5A224}.Debug|Any CPU.Build.0 = Debug|Any CPU
		{E71E513D-C07A-4A32-94E3-E264E8F5A224}.Release|Any CPU.ActiveCfg = Release|Any CPU
		{E71E513D-C07A-4A32-94E3-E264E8F5A224}.Release|Any CPU.Build.0 = Release|Any CPU
	EndGlobalSection
	GlobalSection(SolutionProperties) = preSolution
		HideSolutionNode = FALSE
	EndGlobalSection
	GlobalSection(ExtensibilityGlobals) = postSolution
		SolutionGuid = {D986CBC2-29C5-4432-B5A6-F0CF3F5A9347}
	EndGlobalSection
EndGlobal
